[[package]]
name = "aiodns"
version = "3.0.0"
description = "Simple DNS resolver for asyncio"
category = "main"
optional = false
python-versions = "*"

[package.dependencies]
pycares = ">=4.0.0"

[[package]]
name = "aiofiles"
version = "0.8.0"
description = "File support for asyncio."
category = "main"
optional = false
python-versions = ">=3.6,<4.0"

[[package]]
name = "aiogoogle"
version = "4.3.0"
description = "Async Google API client"
category = "main"
optional = false
python-versions = "*"
develop = false

[package.dependencies]
aiofiles = "*"
aiohttp = "*"
async-timeout = "*"
google-auth = "*"
tonyg-rfc3339 = "*"

[package.extras]
curio_asks = ["asks", "curio"]
trio_asks = ["asks", "trio"]

[package.source]
type = "git"
url = "https://github.com/omarryhan/aiogoogle.git"
reference = "master"
resolved_reference = "7ef2e9ec664aedee225cb5aff19782b797b101b3"

[[package]]
name = "aiohttp"
version = "3.8.1"
description = "Async http client/server framework (asyncio)"
category = "main"
optional = false
python-versions = ">=3.6"

[package.dependencies]
aiosignal = ">=1.1.2"
async-timeout = ">=4.0.0a3,<5.0"
attrs = ">=17.3.0"
charset-normalizer = ">=2.0,<3.0"
frozenlist = ">=1.1.1"
multidict = ">=4.5,<7.0"
yarl = ">=1.0,<2.0"

[package.extras]
speedups = ["aiodns", "brotli", "cchardet"]

[[package]]
name = "aiosignal"
version = "1.2.0"
description = "aiosignal: a list of registered asynchronous callbacks"
category = "main"
optional = false
python-versions = ">=3.6"

[package.dependencies]
frozenlist = ">=1.1.0"

[[package]]
name = "anyio"
version = "3.6.1"
description = "High level compatibility layer for multiple asynchronous event loop implementations"
category = "main"
optional = false
python-versions = ">=3.6.2"

[package.dependencies]
idna = ">=2.8"
sniffio = ">=1.1"

[package.extras]
doc = ["packaging", "sphinx-rtd-theme", "sphinx-autodoc-typehints (>=1.2.0)"]
test = ["coverage[toml] (>=4.5)", "hypothesis (>=4.0)", "pytest (>=7.0)", "pytest-mock (>=3.6.1)", "trustme", "contextlib2", "uvloop (<0.15)", "mock (>=4)", "uvloop (>=0.15)"]
trio = ["trio (>=0.16)"]

[[package]]
name = "APScheduler"
version = "4.0.0a1.post9"
description = "In-process task scheduler with Cron-like capabilities"
category = "main"
optional = false
python-versions = ">=3.7"
develop = false

[package.dependencies]
anyio = ">=3.6,<4.0"
attrs = ">=21.3"
tenacity = ">=8.0,<9.0"
tzlocal = ">=3.0"

[package.extras]
asyncpg = ["asyncpg (>=0.20)"]
cbor = ["cbor2 (>=5.0)"]
doc = ["sphinx", "sphinx-autodoc-typehints", "sphinx-tabs (>=3.3.1)"]
mongodb = ["pymongo (>=4)"]
mqtt = ["paho-mqtt (>=1.5)"]
redis = ["redis (>=4.0)"]
sqlalchemy = ["sqlalchemy (>=1.4.22)"]
test = ["asyncpg (>=0.20)", "asyncmy (>=0.2.5)", "cbor2 (>=5.0)", "coverage", "freezegun", "paho-mqtt (>=1.5)", "psycopg2", "pymongo (>=4)", "pymysql", "pytest (>=5.0)", "pytest-cov", "pytest-freezegun", "pytest-lazy-fixture", "pytest-mock", "redis[hiredis] (>=4.4.0rc1)", "sqlalchemy (>=1.4.22)", "trio", "greenlet (>=2.0.0a2)"]

[package.source]
type = "git"
url = "https://github.com/agronholm/apscheduler.git"
reference = "master"
resolved_reference = "f41a7e5c5588f1c802645a6e18292dfb9ac3ba16"

[[package]]
name = "astunparse"
version = "1.6.3"
description = "An AST unparser for Python"
category = "main"
optional = false
python-versions = "*"

[package.dependencies]
six = ">=1.6.1,<2.0"

[[package]]
name = "async-timeout"
version = "4.0.2"
description = "Timeout context manager for asyncio programs"
category = "main"
optional = false
python-versions = ">=3.6"

[[package]]
name = "asyncpg"
version = "0.26.0"
description = "An asyncio PostgreSQL driver"
category = "main"
optional = false
python-versions = ">=3.6.0"

[package.extras]
dev = ["Cython (>=0.29.24,<0.30.0)", "pytest (>=6.0)", "Sphinx (>=4.1.2,<4.2.0)", "sphinxcontrib-asyncio (>=0.3.0,<0.4.0)", "sphinx-rtd-theme (>=0.5.2,<0.6.0)", "pycodestyle (>=2.7.0,<2.8.0)", "flake8 (>=3.9.2,<3.10.0)", "uvloop (>=0.15.3)"]
docs = ["Sphinx (>=4.1.2,<4.2.0)", "sphinxcontrib-asyncio (>=0.3.0,<0.4.0)", "sphinx-rtd-theme (>=0.5.2,<0.6.0)"]
test = ["pycodestyle (>=2.7.0,<2.8.0)", "flake8 (>=3.9.2,<3.10.0)", "uvloop (>=0.15.3)"]

[[package]]
name = "atomicwrites"
version = "1.4.1"
description = "Atomic file writes."
category = "dev"
optional = false
python-versions = ">=2.7, !=3.0.*, !=3.1.*, !=3.2.*, !=3.3.*"

[[package]]
name = "attrs"
version = "22.1.0"
description = "Classes Without Boilerplate"
category = "main"
optional = false
python-versions = ">=3.5"

[package.extras]
dev = ["coverage[toml] (>=5.0.2)", "hypothesis", "pympler", "pytest (>=4.3.0)", "mypy (>=0.900,!=0.940)", "pytest-mypy-plugins", "zope.interface", "furo", "sphinx", "sphinx-notfound-page", "pre-commit", "cloudpickle"]
docs = ["furo", "sphinx", "zope.interface", "sphinx-notfound-page"]
tests = ["coverage[toml] (>=5.0.2)", "hypothesis", "pympler", "pytest (>=4.3.0)", "mypy (>=0.900,!=0.940)", "pytest-mypy-plugins", "zope.interface", "cloudpickle"]
tests_no_zope = ["coverage[toml] (>=5.0.2)", "hypothesis", "pympler", "pytest (>=4.3.0)", "mypy (>=0.900,!=0.940)", "pytest-mypy-plugins", "cloudpickle"]

[[package]]
name = "beautifulsoup4"
version = "4.11.1"
description = "Screen-scraping library"
category = "main"
optional = false
python-versions = ">=3.6.0"

[package.dependencies]
soupsieve = ">1.2"

[package.extras]
html5lib = ["html5lib"]
lxml = ["lxml"]

[[package]]
name = "black"
version = "22.8.0"
description = "The uncompromising code formatter."
category = "dev"
optional = false
python-versions = ">=3.6.2"

[package.dependencies]
click = ">=8.0.0"
mypy-extensions = ">=0.4.3"
pathspec = ">=0.9.0"
platformdirs = ">=2"
tomli = {version = ">=1.1.0", markers = "python_full_version < \"3.11.0a7\""}

[package.extras]
colorama = ["colorama (>=0.4.3)"]
d = ["aiohttp (>=3.7.4)"]
jupyter = ["ipython (>=7.8.0)", "tokenize-rt (>=3.2.0)"]
uvloop = ["uvloop (>=0.15.2)"]

[[package]]
name = "braceexpand"
version = "0.1.7"
description = "Bash-style brace expansion for Python"
category = "main"
optional = false
python-versions = "*"

[[package]]
name = "brotli"
version = "1.0.9"
description = "Python bindings for the Brotli compression library"
category = "main"
optional = false
python-versions = "*"

[[package]]
name = "cached-property"
version = "1.5.2"
description = "A decorator for caching properties in classes."
category = "dev"
optional = false
python-versions = "*"

[[package]]
name = "cachetools"
version = "5.2.0"
description = "Extensible memoizing collections and decorators"
category = "main"
optional = false
python-versions = "~=3.7"

[[package]]
name = "cerberus"
version = "1.3.4"
description = "Lightweight, extensible schema and data validation tool for Python dictionaries."
category = "dev"
optional = false
python-versions = ">=2.7"

[[package]]
name = "certifi"
version = "2022.6.15"
description = "Python package for providing Mozilla's CA Bundle."
category = "dev"
optional = false
python-versions = ">=3.6"

[[package]]
name = "cffi"
version = "1.15.1"
description = "Foreign Function Interface for Python calling C code."
category = "main"
optional = false
python-versions = "*"

[package.dependencies]
pycparser = "*"

[[package]]
name = "charset-normalizer"
version = "2.1.1"
description = "The Real First Universal Charset Detector. Open, modern and actively maintained alternative to Chardet."
category = "main"
optional = false
python-versions = ">=3.6.0"

[package.extras]
unicode_backport = ["unicodedata2"]

[[package]]
name = "click"
version = "8.1.3"
description = "Composable command line interface toolkit"
category = "main"
optional = false
python-versions = ">=3.7"

[package.dependencies]
colorama = {version = "*", markers = "platform_system == \"Windows\""}

[[package]]
name = "colorama"
version = "0.4.5"
description = "Cross-platform colored terminal text."
category = "main"
optional = false
python-versions = ">=2.7, !=3.0.*, !=3.1.*, !=3.2.*, !=3.3.*, !=3.4.*"

[[package]]
name = "colour"
version = "0.1.5"
description = "converts and manipulates various color representation (HSL, RVB, web, X11, ...)"
category = "main"
optional = false
python-versions = "*"

[package.extras]
test = ["nose"]

[[package]]
name = "d20"
version = "1.1.2"
description = "A formal grammar-based dice parser and roller for D&D and other dice systems."
category = "main"
optional = false
python-versions = ">=3.6"

[package.dependencies]
cachetools = ">=3.1.0"
lark-parser = ">=0.9.0,<0.10.0"

[[package]]
name = "dateparser"
version = "1.1.1"
description = "Date parsing library designed to parse dates from HTML pages"
category = "main"
optional = false
python-versions = ">=3.5"

[package.dependencies]
python-dateutil = "*"
pytz = "*"
regex = "<2019.02.19 || >2019.02.19,<2021.8.27 || >2021.8.27,<2022.3.15"
tzlocal = "*"

[package.extras]
langdetect = ["langdetect"]
fasttext = ["fasttext"]
calendars = ["convertdate", "hijri-converter", "convertdate"]

[[package]]
name = "discord.py"
version = "2.1.0a4581+g9ed5fbec"
description = "A Python wrapper for the Discord API"
category = "main"
optional = false
python-versions = ">=3.8.0"
develop = false

[package.dependencies]
aiodns = {version = ">=1.1", optional = true, markers = "extra == \"speed\""}
aiohttp = ">=3.7.4,<4"
Brotli = {version = "*", optional = true, markers = "extra == \"speed\""}
orjson = {version = ">=3.5.4", optional = true, markers = "extra == \"speed\""}
PyNaCl = {version = ">=1.3.0,<1.6", optional = true, markers = "extra == \"voice\""}

[package.extras]
docs = ["sphinx (==4.4.0)", "sphinxcontrib-trio (==1.1.2)", "sphinxcontrib-websupport", "typing-extensions (>=4.3,<5)"]
speed = ["orjson (>=3.5.4)", "aiodns (>=1.1)", "brotli", "cchardet (==2.1.7)"]
test = ["coverage", "pytest", "pytest-asyncio", "pytest-cov", "pytest-mock", "typing-extensions (>=4.3,<5)"]
voice = ["PyNaCl (>=1.3.0,<1.6)"]

[package.source]
type = "git"
url = "https://github.com/Rapptz/discord.py.git"
reference = "master"
resolved_reference = "9ed5fbecea20ed17c63185502a7a20069027921b"

[[package]]
name = "distlib"
version = "0.3.6"
description = "Distribution utilities"
category = "dev"
optional = false
python-versions = "*"

[[package]]
name = "dnspython"
version = "2.2.1"
description = "DNS toolkit"
category = "main"
optional = false
python-versions = ">=3.6,<4.0"

[package.extras]
dnssec = ["cryptography (>=2.6,<37.0)"]
curio = ["curio (>=1.2,<2.0)", "sniffio (>=1.1,<2.0)"]
doh = ["h2 (>=4.1.0)", "httpx (>=0.21.1)", "requests (>=2.23.0,<3.0.0)", "requests-toolbelt (>=0.9.1,<0.10.0)"]
idna = ["idna (>=2.1,<4.0)"]
trio = ["trio (>=0.14,<0.20)"]
wmi = ["wmi (>=1.5.1,<2.0.0)"]

[[package]]
name = "docopt"
version = "0.6.2"
description = "Pythonic argument parser, that will make you smile"
category = "dev"
optional = false
python-versions = "*"

[[package]]
name = "flake8"
version = "4.0.1"
description = "the modular source code checker: pep8 pyflakes and co"
category = "dev"
optional = false
python-versions = ">=3.6"

[package.dependencies]
mccabe = ">=0.6.0,<0.7.0"
pycodestyle = ">=2.8.0,<2.9.0"
pyflakes = ">=2.4.0,<2.5.0"

[[package]]
name = "frozendict"
version = "2.3.4"
description = "A simple immutable dictionary"
category = "main"
optional = false
python-versions = ">=3.6"

[[package]]
name = "frozenlist"
version = "1.3.1"
description = "A list-like structure which implements collections.abc.MutableSequence"
category = "main"
optional = false
python-versions = ">=3.7"

[[package]]
name = "google-auth"
version = "2.11.0"
description = "Google Authentication Library"
category = "main"
optional = false
python-versions = ">=2.7,!=3.0.*,!=3.1.*,!=3.2.*,!=3.3.*,!=3.4.*,!=3.5.*"

[package.dependencies]
cachetools = ">=2.0.0,<6.0"
pyasn1-modules = ">=0.2.1"
rsa = {version = ">=3.1.4,<5", markers = "python_version >= \"3.6\""}
six = ">=1.9.0"

[package.extras]
aiohttp = ["requests (>=2.20.0,<3.0.0dev)", "aiohttp (>=3.6.2,<4.0.0dev)"]
enterprise_cert = ["cryptography (==36.0.2)", "pyopenssl (==22.0.0)"]
pyopenssl = ["pyopenssl (>=20.0.0)"]
reauth = ["pyu2f (>=0.1.5)"]

[[package]]
name = "humanize"
version = "4.3.0"
description = "Python humanize utilities"
category = "main"
optional = false
python-versions = ">=3.7"

[package.extras]
tests = ["freezegun", "pytest", "pytest-cov"]

[[package]]
name = "idna"
version = "3.3"
description = "Internationalized Domain Names in Applications (IDNA)"
category = "main"
optional = false
python-versions = ">=3.5"

[[package]]
name = "import-expression"
version = "1.1.4"
description = "Parses a superset of Python allowing for inline module import expressions"
category = "main"
optional = false
python-versions = "*"

[package.dependencies]
astunparse = ">=1.6.3,<2.0.0"

[package.extras]
test = ["pytest", "pytest-cov"]

[[package]]
name = "isort"
version = "5.10.1"
description = "A Python utility / library to sort Python imports."
category = "dev"
optional = false
python-versions = ">=3.6.1,<4.0"

[package.dependencies]
pip-api = {version = "*", optional = true, markers = "extra == \"requirements_deprecated_finder\""}
pipreqs = {version = "*", optional = true, markers = "extra == \"pipfile_deprecated_finder\" or extra == \"requirements_deprecated_finder\""}
requirementslib = {version = "*", optional = true, markers = "extra == \"pipfile_deprecated_finder\""}

[package.extras]
pipfile_deprecated_finder = ["pipreqs", "requirementslib"]
requirements_deprecated_finder = ["pipreqs", "pip-api"]
colors = ["colorama (>=0.4.3,<0.5.0)"]
plugins = ["setuptools"]

[[package]]
name = "jarowinkler"
version = "1.2.1"
description = "library for fast approximate string matching using Jaro and Jaro-Winkler similarity"
category = "main"
optional = false
python-versions = ">=3.6"

[[package]]
name = "jishaku"
version = "2.5.1"
description = "A discord.py extension including useful tools for bot development and debugging."
category = "main"
optional = false
python-versions = ">=3.8.0"

[package.dependencies]
braceexpand = ">=0.1.7"
click = ">=8.0.1"
import-expression = ">=1.0.0,<2.0.0"
line-profiler = ">=3.5.1"

[package.extras]
discordpy = ["discord.py (>=1.7.3)"]
docs = ["Sphinx (>=4.4.0)", "sphinxcontrib-asyncio (>=0.3.0)"]
procinfo = ["psutil (>=5.8.0)"]
publish = ["Jinja2 (>=3.0.3)"]
test = ["coverage (>=6.3.2)", "flake8 (>=4.0.1)", "isort (>=5.10.1)", "pylint (>=2.11.1)", "pytest (>=7.0.1)", "pytest-asyncio (>=0.18.1)", "pytest-cov (>=3.0.0)", "pytest-mock (>=3.7.0)"]
voice = ["yt-dlp (>=2022.3.8)"]

[[package]]
name = "lark-parser"
version = "0.9.0"
description = "a modern parsing library"
category = "main"
optional = false
python-versions = "*"

[package.extras]
regex = ["regex"]

[[package]]
name = "line-profiler"
version = "3.5.1"
description = "Line-by-line profiler."
category = "main"
optional = false
python-versions = "*"

[package.extras]
all = ["cython", "scikit-build", "cmake", "ninja", "pytest (>=4.6.11)", "pytest-cov (>=2.10.1)", "coverage[toml] (>=5.3)", "ubelt (>=1.0.1)", "IPython (>=0.13,<7.17.0)", "IPython (>=0.13)"]
build = ["cython", "scikit-build", "cmake", "ninja"]
ipython = ["IPython (>=0.13,<7.17.0)", "IPython (>=0.13)"]
tests = ["pytest (>=4.6.11)", "pytest-cov (>=2.10.1)", "coverage[toml] (>=5.3)", "ubelt (>=1.0.1)", "IPython (>=0.13,<7.17.0)", "IPython (>=0.13)"]

[[package]]
name = "lxml"
version = "4.9.1"
description = "Powerful and Pythonic XML processing library combining libxml2/libxslt with the ElementTree API."
category = "main"
optional = false
python-versions = ">=2.7, !=3.0.*, !=3.1.*, !=3.2.*, !=3.3.*, != 3.4.*"

[package.extras]
cssselect = ["cssselect (>=0.7)"]
html5 = ["html5lib"]
htmlsoup = ["beautifulsoup4"]
source = ["Cython (>=0.29.7)"]

[[package]]
name = "mccabe"
version = "0.6.1"
description = "McCabe checker, plugin for flake8"
category = "dev"
optional = false
python-versions = "*"

[[package]]
name = "more-itertools"
version = "8.14.0"
description = "More routines for operating on iterables, beyond itertools"
category = "dev"
optional = false
python-versions = ">=3.5"

[[package]]
name = "motor"
version = "3.0.0"
description = "Non-blocking MongoDB driver for Tornado or asyncio"
category = "main"
optional = false
python-versions = ">=3.7"

[package.dependencies]
pymongo = [
    {version = ">=4.1,<5"},
    {version = ">=4.1,<5", extras = ["srv"], optional = true, markers = "extra == \"srv\""},
]

[package.extras]
zstd = ["pymongo[zstd] (>=4.1,<5)"]
srv = ["pymongo[srv] (>=4.1,<5)"]
snappy = ["pymongo[snappy] (>=4.1,<5)"]
ocsp = ["pymongo[ocsp] (>=4.1,<5)"]
gssapi = ["pymongo[gssapi] (>=4.1,<5)"]
encryption = ["pymongo[encryption] (>=4.1,<5)"]
aws = ["pymongo[aws] (>=4.1,<5)"]

[[package]]
name = "motor-stubs"
version = "1.7.1"
description = ""
category = "dev"
optional = false
python-versions = ">=3.9,<4.0"

[[package]]
name = "multidict"
version = "6.0.2"
description = "multidict implementation"
category = "main"
optional = false
python-versions = ">=3.7"

[[package]]
name = "mypy-extensions"
version = "0.4.3"
description = "Experimental type system extensions for programs checked with the mypy typechecker."
category = "dev"
optional = false
python-versions = "*"

[[package]]
name = "mystbin-py"
version = "5.0.2"
description = "A small simple wrapper around the mystb.in API."
category = "main"
optional = false
python-versions = ">=3.9,<4.0"

[package.dependencies]
aiohttp = ">=3.7.4,<4.0.0"

[package.extras]
requests = ["requests (>=2.24.0,<3.0.0)"]
docs = ["sphinx (>=4.0.0,<5.0.0)", "sphinxcontrib-trio", "furo"]

[[package]]
name = "orderedmultidict"
version = "1.0.1"
description = "Ordered Multivalue Dictionary"
category = "dev"
optional = false
python-versions = "*"

[package.dependencies]
six = ">=1.8.0"

[[package]]
name = "orjson"
version = "3.8.0"
description = "Fast, correct Python JSON library supporting dataclasses, datetimes, and numpy"
category = "main"
optional = false
python-versions = ">=3.7"

[[package]]
name = "packaging"
version = "21.3"
description = "Core utilities for Python packages"
category = "dev"
optional = false
python-versions = ">=3.6"

[package.dependencies]
pyparsing = ">=2.0.2,<3.0.5 || >3.0.5"

[[package]]
name = "pathspec"
version = "0.10.1"
description = "Utility library for gitignore style pattern matching of file paths."
category = "dev"
optional = false
python-versions = ">=3.7"

[[package]]
name = "pep517"
version = "0.13.0"
description = "Wrappers to build Python packages using PEP 517 hooks"
category = "dev"
optional = false
python-versions = ">=3.6"

[package.dependencies]
tomli = {version = ">=1.1.0", markers = "python_version < \"3.11\""}

[[package]]
name = "pip-api"
version = "0.0.30"
description = "An unofficial, importable pip API"
category = "dev"
optional = false
python-versions = ">=3.7"

[[package]]
name = "pip-shims"
version = "0.7.3"
description = "Compatibility shims for pip versions 8 thru current."
category = "dev"
optional = false
python-versions = ">=3.6"

[package.dependencies]
packaging = "*"

[package.extras]
dev = ["pre-commit", "nox", "parver"]
docs = ["sphinx (<2.0)", "sphinx-rtd-theme"]
tests = ["pytest-timeout", "pytest", "pytest-xdist", "pytest-cov", "readme-renderer"]

[[package]]
name = "pipreqs"
version = "0.4.11"
description = "Pip requirements.txt generator based on imports in project"
category = "dev"
optional = false
python-versions = "*"

[package.dependencies]
docopt = "*"
yarg = "*"

[[package]]
name = "platformdirs"
version = "2.5.2"
description = "A small Python module for determining appropriate platform-specific dirs, e.g. a \"user data dir\"."
category = "dev"
optional = false
python-versions = ">=3.7"

[package.extras]
docs = ["furo (>=2021.7.5b38)", "proselint (>=0.10.2)", "sphinx-autodoc-typehints (>=1.12)", "sphinx (>=4)"]
test = ["appdirs (==1.4.4)", "pytest-cov (>=2.7)", "pytest-mock (>=3.6)", "pytest (>=6)"]

[[package]]
name = "plette"
version = "0.2.3"
description = "Structured Pipfile and Pipfile.lock models."
category = "dev"
optional = false
python-versions = ">=2.6,!=3.0,!=3.1,!=3.2,!=3.3"

[package.dependencies]
cerberus = {version = "*", optional = true, markers = "extra == \"validation\""}
six = "*"
tomlkit = "*"

[package.extras]
validation = ["cerberus"]
tests = ["pytest-cov", "pytest-xdist", "pytest"]

[[package]]
name = "pluggy"
version = "0.13.1"
description = "plugin and hook calling mechanisms for python"
category = "dev"
optional = false
python-versions = ">=2.7, !=3.0.*, !=3.1.*, !=3.2.*, !=3.3.*"

[package.extras]
dev = ["pre-commit", "tox"]

[[package]]
name = "py"
version = "1.11.0"
description = "library with cross-python path, ini-parsing, io, code, log facilities"
category = "dev"
optional = false
python-versions = ">=2.7, !=3.0.*, !=3.1.*, !=3.2.*, !=3.3.*, !=3.4.*"

[[package]]
name = "pyaml"
version = "21.10.1"
description = "PyYAML-based module to produce pretty and readable YAML-serialized data"
category = "main"
optional = false
python-versions = "*"

[package.dependencies]
PyYAML = "*"

[[package]]
name = "pyasn1"
version = "0.4.8"
description = "ASN.1 types and codecs"
category = "main"
optional = false
python-versions = "*"

[[package]]
name = "pyasn1-modules"
version = "0.2.8"
description = "A collection of ASN.1-based protocols modules."
category = "main"
optional = false
python-versions = "*"

[package.dependencies]
pyasn1 = ">=0.4.6,<0.5.0"

[[package]]
name = "pycares"
version = "4.2.2"
description = "Python interface for c-ares"
category = "main"
optional = false
python-versions = "*"

[package.dependencies]
cffi = ">=1.5.0"

[package.extras]
idna = ["idna (>=2.1)"]

[[package]]
name = "pycodestyle"
version = "2.8.0"
description = "Python style guide checker"
category = "dev"
optional = false
python-versions = ">=2.7, !=3.0.*, !=3.1.*, !=3.2.*, !=3.3.*, !=3.4.*"

[[package]]
name = "pycparser"
version = "2.21"
description = "C parser in Python"
category = "main"
optional = false
python-versions = ">=2.7, !=3.0.*, !=3.1.*, !=3.2.*, !=3.3.*"

[[package]]
name = "pyflakes"
version = "2.4.0"
description = "passive checker of Python programs"
category = "dev"
optional = false
python-versions = ">=2.7, !=3.0.*, !=3.1.*, !=3.2.*, !=3.3.*"

[[package]]
name = "pymongo"
version = "4.2.0"
description = "Python driver for MongoDB <http://www.mongodb.org>"
category = "main"
optional = false
python-versions = ">=3.7"

[package.dependencies]
dnspython = {version = ">=1.16.0,<3.0.0", optional = true, markers = "extra == \"srv\""}

[package.extras]
aws = ["pymongo-auth-aws (<2.0.0)"]
encryption = ["pymongocrypt (>=1.3.0,<2.0.0)"]
gssapi = ["pykerberos"]
ocsp = ["pyopenssl (>=17.2.0)", "requests (<3.0.0)", "service-identity (>=18.1.0)", "certifi"]
snappy = ["python-snappy"]
srv = ["dnspython (>=1.16.0,<3.0.0)"]
zstd = ["zstandard"]

[[package]]
name = "pynacl"
version = "1.5.0"
description = "Python binding to the Networking and Cryptography (NaCl) library"
category = "main"
optional = false
python-versions = ">=3.6"

[package.dependencies]
cffi = ">=1.4.1"

[package.extras]
docs = ["sphinx (>=1.6.5)", "sphinx-rtd-theme"]
tests = ["pytest (>=3.2.1,!=3.3.0)", "hypothesis (>=3.27.0)"]

[[package]]
name = "pyparsing"
version = "3.0.9"
description = "pyparsing module - Classes and methods to define and execute parsing grammars"
category = "dev"
optional = false
python-versions = ">=3.6.8"

[package.extras]
diagrams = ["railroad-diagrams", "jinja2"]

[[package]]
name = "pytest"
version = "5.4.3"
description = "pytest: simple powerful testing with Python"
category = "dev"
optional = false
python-versions = ">=3.5"

[package.dependencies]
atomicwrites = {version = ">=1.0", markers = "sys_platform == \"win32\""}
attrs = ">=17.4.0"
colorama = {version = "*", markers = "sys_platform == \"win32\""}
more-itertools = ">=4.0.0"
packaging = "*"
pluggy = ">=0.12,<1.0"
py = ">=1.5.0"
wcwidth = "*"

[package.extras]
checkqa-mypy = ["mypy (==v0.761)"]
testing = ["argcomplete", "hypothesis (>=3.56)", "mock", "nose", "requests", "xmlschema"]

[[package]]
name = "python-dateutil"
version = "2.8.2"
description = "Extensions to the standard Python datetime module"
category = "main"
optional = false
python-versions = "!=3.0.*,!=3.1.*,!=3.2.*,>=2.7"

[package.dependencies]
six = ">=1.5"

[[package]]
name = "python-docx"
version = "0.8.11"
description = "Create and update Microsoft Word .docx files."
category = "main"
optional = false
python-versions = "*"

[package.dependencies]
lxml = ">=2.3.2"

[[package]]
name = "python-dotenv"
version = "0.20.0"
description = "Read key-value pairs from a .env file and set them as environment variables"
category = "main"
optional = false
python-versions = ">=3.5"

[package.extras]
cli = ["click (>=5.0)"]

[[package]]
name = "pytz"
version = "2022.2.1"
description = "World timezone definitions, modern and historical"
category = "main"
optional = false
python-versions = "*"

[[package]]
name = "pytz-deprecation-shim"
version = "0.1.0.post0"
description = "Shims to make deprecation of pytz easier"
category = "main"
optional = false
python-versions = "!=3.0.*,!=3.1.*,!=3.2.*,!=3.3.*,!=3.4.*,!=3.5.*,>=2.7"

[package.dependencies]
tzdata = {version = "*", markers = "python_version >= \"3.6\""}

[[package]]
name = "pyyaml"
version = "6.0"
description = "YAML parser and emitter for Python"
category = "main"
optional = false
python-versions = ">=3.6"

[[package]]
name = "rapidfuzz"
version = "2.6.1"
description = "rapid fuzzy string matching"
category = "main"
optional = false
python-versions = ">=3.6"

[package.dependencies]
jarowinkler = ">=1.2.0,<2.0.0"

[package.extras]
full = ["numpy"]

[[package]]
name = "regex"
version = "2022.3.2"
description = "Alternative regular expression module, to replace re."
category = "main"
optional = false
python-versions = ">=3.6"

[[package]]
name = "requests"
version = "2.28.1"
description = "Python HTTP for Humans."
category = "dev"
optional = false
python-versions = ">=3.7, <4"

[package.dependencies]
certifi = ">=2017.4.17"
charset-normalizer = ">=2,<3"
idna = ">=2.5,<4"
urllib3 = ">=1.21.1,<1.27"

[package.extras]
socks = ["PySocks (>=1.5.6,!=1.5.7)"]
use_chardet_on_py3 = ["chardet (>=3.0.2,<6)"]

[[package]]
name = "requirementslib"
version = "1.6.1"
description = "A tool for converting between pip-style and pipfile requirements."
category = "dev"
optional = false
python-versions = ">=3.6"

[package.dependencies]
attrs = ">=19.2"
cached-property = "*"
distlib = ">=0.2.8"
orderedmultidict = "*"
packaging = ">=19.0"
pep517 = ">=0.5.0"
pip-shims = ">=0.6.0"
platformdirs = "*"
plette = {version = "*", extras = ["validation"]}
python-dateutil = "*"
requests = "*"
tomlkit = ">=0.5.3"
vistir = ">=0.3.1"

[package.extras]
dev = ["nox", "twine", "parver", "towncrier"]
docs = ["sphinx", "sphinx-rtd-theme"]
tests = ["pytest", "readme-renderer", "pytest-xdist", "pytest-cov", "pytest-timeout", "coverage", "hypothesis"]

[[package]]
name = "rsa"
version = "4.9"
description = "Pure-Python RSA implementation"
category = "main"
optional = false
python-versions = ">=3.6,<4"

[package.dependencies]
pyasn1 = ">=0.1.3"

[[package]]
name = "six"
version = "1.16.0"
description = "Python 2 and 3 compatibility utilities"
category = "main"
optional = false
python-versions = ">=2.7, !=3.0.*, !=3.1.*, !=3.2.*"

[[package]]
name = "sniffio"
version = "1.3.0"
description = "Sniff out which async library your code is running under"
category = "main"
optional = false
python-versions = ">=3.7"

[[package]]
name = "soupsieve"
version = "2.3.2.post1"
description = "A modern CSS selector implementation for Beautiful Soup."
category = "main"
optional = false
python-versions = ">=3.6"

[[package]]
name = "tenacity"
version = "8.0.1"
description = "Retry code until it succeeds"
category = "main"
optional = false
python-versions = ">=3.6"

[package.extras]
doc = ["reno", "sphinx", "tornado (>=4.5)"]

[[package]]
name = "tomli"
version = "2.0.1"
description = "A lil' TOML parser"
category = "dev"
optional = false
python-versions = ">=3.7"

[[package]]
name = "tomlkit"
version = "0.11.4"
description = "Style preserving TOML library"
category = "dev"
optional = false
python-versions = ">=3.6,<4.0"

[[package]]
name = "tonyg-rfc3339"
version = "0.1"
description = "Python implementation of RFC 3339"
category = "main"
optional = false
python-versions = "*"

[[package]]
name = "tzdata"
version = "2022.2"
description = "Provider of IANA time zone data"
category = "main"
optional = false
python-versions = ">=2"

[[package]]
name = "tzlocal"
version = "4.2"
description = "tzinfo object for the local timezone"
category = "main"
optional = false
python-versions = ">=3.6"

[package.dependencies]
pytz-deprecation-shim = "*"
tzdata = {version = "*", markers = "platform_system == \"Windows\""}

[package.extras]
devenv = ["black", "pyroma", "pytest-cov", "zest.releaser"]
test = ["pytest-mock (>=3.3)", "pytest (>=4.3)"]

[[package]]
name = "urllib3"
version = "1.26.12"
description = "HTTP library with thread-safe connection pooling, file post, and more."
category = "dev"
optional = false
python-versions = ">=2.7, !=3.0.*, !=3.1.*, !=3.2.*, !=3.3.*, !=3.4.*, !=3.5.*, <4"

[package.extras]
brotli = ["brotlicffi (>=0.8.0)", "brotli (>=1.0.9)", "brotlipy (>=0.6.0)"]
secure = ["pyOpenSSL (>=0.14)", "cryptography (>=1.3.4)", "idna (>=2.0.0)", "certifi", "urllib3-secure-extra", "ipaddress"]
socks = ["PySocks (>=1.5.6,!=1.5.7,<2.0)"]

[[package]]
name = "uvloop"
version = "0.16.0"
description = "Fast implementation of asyncio event loop on top of libuv"
category = "main"
optional = false
python-versions = ">=3.7"

[package.extras]
dev = ["Cython (>=0.29.24,<0.30.0)", "pytest (>=3.6.0)", "Sphinx (>=4.1.2,<4.2.0)", "sphinxcontrib-asyncio (>=0.3.0,<0.4.0)", "sphinx-rtd-theme (>=0.5.2,<0.6.0)", "aiohttp", "flake8 (>=3.9.2,<3.10.0)", "psutil", "pycodestyle (>=2.7.0,<2.8.0)", "pyOpenSSL (>=19.0.0,<19.1.0)", "mypy (>=0.800)"]
docs = ["Sphinx (>=4.1.2,<4.2.0)", "sphinxcontrib-asyncio (>=0.3.0,<0.4.0)", "sphinx-rtd-theme (>=0.5.2,<0.6.0)"]
test = ["aiohttp", "flake8 (>=3.9.2,<3.10.0)", "psutil", "pycodestyle (>=2.7.0,<2.8.0)", "pyOpenSSL (>=19.0.0,<19.1.0)", "mypy (>=0.800)"]

[[package]]
name = "vistir"
version = "0.6.1"
description = "Miscellaneous utilities for dealing with filesystems, paths, projects, subprocesses, and more."
category = "dev"
optional = false
python-versions = "!=3.0,!=3.1,!=3.2,!=3.3,>=3.7"

[package.dependencies]
colorama = ">=0.3.4,<0.4.2 || >0.4.2"

[package.extras]
typing = ["typed-ast", "mypytools", "mypy-extensions", "mypy", "typing"]
tests = ["mock", "twine", "readme-renderer", "pytest-timeout", "pytest-xdist", "pytest-rerunfailures (<9.0)", "pytest (==4.6.10)", "hypothesis-fspaths", "hypothesis"]
spinner = ["yaspin"]
requests = ["requests"]
dev = ["black", "flake8-bugbear", "sphinx-rtd-theme", "sphinx", "parver", "invoke", "rope", "flake8", "isort", "coverage", "pre-commit"]

[[package]]
name = "wcwidth"
version = "0.2.5"
description = "Measures the displayed width of unicode strings in a terminal"
category = "dev"
optional = false
python-versions = "*"

[[package]]
name = "yarg"
version = "0.1.9"
description = "A semi hard Cornish cheese, also queries PyPI (PyPI client)"
category = "dev"
optional = false
python-versions = "*"

[package.dependencies]
requests = "*"

[[package]]
name = "yarl"
version = "1.8.1"
description = "Yet another URL library"
category = "main"
optional = false
python-versions = ">=3.7"

[package.dependencies]
idna = ">=2.0"
multidict = ">=4.0"

[metadata]
lock-version = "1.1"
python-versions = "3.10.4"
content-hash = "b582eefe270b9077e9ce9c12bcbbbf9cbe487b412615c67169ac91182d5886e1"

[metadata.files]
aiodns = []
aiofiles = []
aiogoogle = []
aiohttp = []
aiosignal = []
anyio = []
APScheduler = []
astunparse = []
async-timeout = []
asyncpg = []
atomicwrites = []
attrs = []
beautifulsoup4 = []
black = []
braceexpand = []
brotli = []
cached-property = []
cachetools = []
cerberus = []
certifi = []
cffi = []
charset-normalizer = []
click = []
colorama = []
colour = []
d20 = []
dateparser = []
"discord.py" = []
distlib = []
dnspython = []
docopt = []
flake8 = []
frozendict = []
frozenlist = []
google-auth = []
humanize = []
idna = []
import-expression = []
isort = []
jarowinkler = []
jishaku = []
lark-parser = []
line-profiler = []
lxml = []
mccabe = []
more-itertools = []
motor = []
motor-stubs = []
multidict = []
mypy-extensions = []
mystbin-py = []
orderedmultidict = []
orjson = []
packaging = []
pathspec = []
pep517 = []
pip-api = []
pip-shims = []
pipreqs = []
platformdirs = []
plette = []
pluggy = []
py = []
pyaml = []
pyasn1 = []
pyasn1-modules = []
pycares = []
pycodestyle = []
pycparser = []
pyflakes = []
pymongo = []
pynacl = [
    {file = "PyNaCl-1.5.0-cp36-abi3-macosx_10_10_universal2.whl", hash = "sha256:401002a4aaa07c9414132aaed7f6836ff98f59277a234704ff66878c2ee4a0d1"},
    {file = "PyNaCl-1.5.0-cp36-abi3-manylinux_2_17_aarch64.manylinux2014_aarch64.manylinux_2_24_aarch64.whl", hash = "sha256:52cb72a79269189d4e0dc537556f4740f7f0a9ec41c1322598799b0bdad4ef92"},
    {file = "PyNaCl-1.5.0-cp36-abi3-manylinux_2_17_aarch64.manylinux2014_aarch64.whl", hash = "sha256:a36d4a9dda1f19ce6e03c9a784a2921a4b726b02e1c736600ca9c22029474394"},
    {file = "PyNaCl-1.5.0-cp36-abi3-manylinux_2_17_x86_64.manylinux2014_x86_64.manylinux_2_24_x86_64.whl", hash = "sha256:0c84947a22519e013607c9be43706dd42513f9e6ae5d39d3613ca1e142fba44d"},
    {file = "PyNaCl-1.5.0-cp36-abi3-manylinux_2_17_x86_64.manylinux2014_x86_64.whl", hash = "sha256:06b8f6fa7f5de8d5d2f7573fe8c863c051225a27b61e6860fd047b1775807858"},
    {file = "PyNaCl-1.5.0-cp36-abi3-musllinux_1_1_aarch64.whl", hash = "sha256:a422368fc821589c228f4c49438a368831cb5bbc0eab5ebe1d7fac9dded6567b"},
    {file = "PyNaCl-1.5.0-cp36-abi3-musllinux_1_1_x86_64.whl", hash = "sha256:61f642bf2378713e2c2e1de73444a3778e5f0a38be6fee0fe532fe30060282ff"},
    {file = "PyNaCl-1.5.0-cp36-abi3-win32.whl", hash = "sha256:e46dae94e34b085175f8abb3b0aaa7da40767865ac82c928eeb9e57e1ea8a543"},
    {file = "PyNaCl-1.5.0-cp36-abi3-win_amd64.whl", hash = "sha256:20f42270d27e1b6a29f54032090b972d97f0a1b0948cc52392041ef7831fee93"},
    {file = "PyNaCl-1.5.0.tar.gz", hash = "sha256:8ac7448f09ab85811607bdd21ec2464495ac8b7c66d146bf545b0f08fb9220ba"},
]
pyparsing = []
pytest = []
python-dateutil = []
python-docx = []
python-dotenv = [
    {file = "python-dotenv-0.20.0.tar.gz", hash = "sha256:b7e3b04a59693c42c36f9ab1cc2acc46fa5df8c78e178fc33a8d4cd05c8d498f"},
    {file = "python_dotenv-0.20.0-py3-none-any.whl", hash = "sha256:d92a187be61fe482e4fd675b6d52200e7be63a12b724abbf931a40ce4fa92938"},
]
pytz = []
pytz-deprecation-shim = []
pyyaml = []
rapidfuzz = []
regex = []
requests = []
requirementslib = []
rsa = []
six = []
sniffio = []
soupsieve = []
tenacity = []
tomli = []
tomlkit = []
tonyg-rfc3339 = []
tzdata = []
tzlocal = []
urllib3 = []
uvloop = []
vistir = []
wcwidth = []
yarg = []
yarl = []
